{
    "name": "NewTestMe",
    "version": "0.0.1",
    "lockfileVersion": 1,
    "requires": true,
    "dependencies": {
        "cordova-plugin-mfp-liveupdate": {
            "version": "8.0.202003051505",
            "resolved": "https://registry.npmjs.org/cordova-plugin-mfp-liveupdate/-/cordova-plugin-mfp-liveupdate-8.0.202003051505.tgz",
            "integrity": "sha512-fP8MzWbmh/mngC51BqEbKz5lKivciA1NWdNv4rAhg0EW2VxIJzXwXtTEfi/c9/amkGdqO1Ee7oFVclfq+OZIYg=="
        },
        "cordova-plugin-mfp-push": {
            "version": "8.0.2020052609",
            "resolved": "https://registry.npmjs.org/cordova-plugin-mfp-push/-/cordova-plugin-mfp-push-8.0.2020052609.tgz",
            "integrity": "sha512-FkY19u19MeooIBnLLl+X1HSCpkFdjcti8GIOIxG8l5UjnhJH83bDi2V4qVP1LLetEl8olQahnQs9JArMcEqPeg=="
        }
    }
}
